// !$*UTF8*$!
{
	archiveVersion = 1;
	classes = {
	};
	objectVersion = 50;
	objects = {

/* Begin PBXBuildFile section */
		5B34953523F5D8EA001215BE /* AppDelegate.swift in Sources */ = {isa = PBXBuildFile; fileRef = 5B34953423F5D8EA001215BE /* AppDelegate.swift */; };
		5B34953723F5D8EA001215BE /* SceneDelegate.swift in Sources */ = {isa = PBXBuildFile; fileRef = 5B34953623F5D8EA001215BE /* SceneDelegate.swift */; };
		5B34953923F5D8EA001215BE /* ViewController.swift in Sources */ = {isa = PBXBuildFile; fileRef = 5B34953823F5D8EA001215BE /* ViewController.swift */; };
		5B34953C23F5D8EA001215BE /* Main.storyboard in Resources */ = {isa = PBXBuildFile; fileRef = 5B34953A23F5D8EA001215BE /* Main.storyboard */; };
		5B34953E23F5D8EC001215BE /* Assets.xcassets in Resources */ = {isa = PBXBuildFile; fileRef = 5B34953D23F5D8EC001215BE /* Assets.xcassets */; };
		5B34954123F5D8EC001215BE /* LaunchScreen.storyboard in Resources */ = {isa = PBXBuildFile; fileRef = 5B34953F23F5D8EC001215BE /* LaunchScreen.storyboard */; };
		5B34954C23F5D8ED001215BE /* LabFeb13Tests.swift in Sources */ = {isa = PBXBuildFile; fileRef = 5B34954B23F5D8ED001215BE /* LabFeb13Tests.swift */; };
		5B34955723F5D8ED001215BE /* LabFeb13UITests.swift in Sources */ = {isa = PBXBuildFile; fileRef = 5B34955623F5D8ED001215BE /* LabFeb13UITests.swift */; };
/* End PBXBuildFile section */

/* Begin PBXContainerItemProxy section */
		5B34954823F5D8ED001215BE /* PBXContainerItemProxy */ = {
			isa = PBXContainerItemProxy;
			containerPortal = 5B34952923F5D8EA001215BE /* Project object */;
			proxyType = 1;
			remoteGlobalIDString = 5B34953023F5D8EA001215BE;
			remoteInfo = LabFeb13;
		};
		5B34955323F5D8ED001215BE /* PBXContainerItemProxy */ = {
			isa = PBXContainerItemProxy;
			containerPortal = 5B34952923F5D8EA001215BE /* Project object */;
			proxyType = 1;
			remoteGlobalIDString = 5B34953023F5D8EA001215BE;
			remoteInfo = LabFeb13;
		};
/* End PBXContainerItemProxy section */

/* Begin PBXFileReference section */
		5B34953123F5D8EA001215BE /* LabFeb13.app */ = {isa = PBXFileReference; explicitFileType = wrapper.application; includeInIndex = 0; path = LabFeb13.app; sourceTree = BUILT_PRODUCTS_DIR; };
		5B34953423F5D8EA001215BE /* AppDelegate.swift */ = {isa = PBXFileReference; lastKnownFileType = sourcecode.swift; path = AppDelegate.swift; sourceTree = "<group>"; };
		5B34953623F5D8EA001215BE /* SceneDelegate.swift */ = {isa = PBXFileReference; lastKnownFileType = sourcecode.swift; path = SceneDelegate.swift; sourceTree = "<group>"; };
		5B34953823F5D8EA001215BE /* ViewController.swift */ = {isa = PBXFileReference; lastKnownFileType = sourcecode.swift; path = ViewController.swift; sourceTree = "<group>"; };
		5B34953B23F5D8EA001215BE /* Base */ = {isa = PBXFileReference; lastKnownFileType = file.storyboard; name = Base; path = Base.lproj/Main.storyboard; sourceTree = "<group>"; };
		5B34953D23F5D8EC001215BE /* Assets.xcassets */ = {isa = PBXFileReference; lastKnownFileType = folder.assetcatalog; path = Assets.xcassets; sourceTree = "<group>"; };
		5B34954023F5D8EC001215BE /* Base */ = {isa = PBXFileReference; lastKnownFileType = file.storyboard; name = Base; path = Base.lproj/LaunchScreen.storyboard; sourceTree = "<group>"; };
		5B34954223F5D8EC001215BE /* Info.plist */ = {isa = PBXFileReference; lastKnownFileType = text.plist.xml; path = Info.plist; sourceTree = "<group>"; };
		5B34954723F5D8ED001215BE /* LabFeb13Tests.xctest */ = {isa = PBXFileReference; explicitFileType = wrapper.cfbundle; includeInIndex = 0; path = LabFeb13Tests.xctest; sourceTree = BUILT_PRODUCTS_DIR; };
		5B34954B23F5D8ED001215BE /* LabFeb13Tests.swift */ = {isa = PBXFileReference; lastKnownFileType = sourcecode.swift; path = LabFeb13Tests.swift; sourceTree = "<group>"; };
		5B34954D23F5D8ED001215BE /* Info.plist */ = {isa = PBXFileReference; lastKnownFileType = text.plist.xml; path = Info.plist; sourceTree = "<group>"; };
		5B34955223F5D8ED001215BE /* LabFeb13UITests.xctest */ = {isa = PBXFileReference; explicitFileType = wrapper.cfbundle; includeInIndex = 0; path = LabFeb13UITests.xctest; sourceTree = BUILT_PRODUCTS_DIR; };
		5B34955623F5D8ED001215BE /* LabFeb13UITests.swift */ = {isa = PBXFileReference; lastKnownFileType = sourcecode.swift; path = LabFeb13UITests.swift; sourceTree = "<group>"; };
		5B34955823F5D8ED001215BE /* Info.plist */ = {isa = PBXFileReference; lastKnownFileType = text.plist.xml; path = Info.plist; sourceTree = "<group>"; };
/* End PBXFileReference section */

/* Begin PBXFrameworksBuildPhase section */
		5B34952E23F5D8EA001215BE /* Frameworks */ = {
			isa = PBXFrameworksBuildPhase;
			buildActionMask = 2147483647;
			files = (
			);
			runOnlyForDeploymentPostprocessing = 0;
		};
		5B34954423F5D8ED001215BE /* Frameworks */ = {
			isa = PBXFrameworksBuildPhase;
			buildActionMask = 2147483647;
			files = (
			);
			runOnlyForDeploymentPostprocessing = 0;
		};
		5B34954F23F5D8ED001215BE /* Frameworks */ = {
			isa = PBXFrameworksBuildPhase;
			buildActionMask = 2147483647;
			files = (
			);
			runOnlyForDeploymentPostprocessing = 0;
		};
/* End PBXFrameworksBuildPhase section */

/* Begin PBXGroup section */
		5B34952823F5D8EA001215BE = {
			isa = PBXGroup;
			children = (
				5B34953323F5D8EA001215BE /* LabFeb13 */,
				5B34954A23F5D8ED001215BE /* LabFeb13Tests */,
				5B34955523F5D8ED001215BE /* LabFeb13UITests */,
				5B34953223F5D8EA001215BE /* Products */,
			);
			sourceTree = "<group>";
		};
		5B34953223F5D8EA001215BE /* Products */ = {
			isa = PBXGroup;
			children = (
				5B34953123F5D8EA001215BE /* LabFeb13.app */,
				5B34954723F5D8ED001215BE /* LabFeb13Tests.xctest */,
				5B34955223F5D8ED001215BE /* LabFeb13UITests.xctest */,
			);
			name = Products;
			sourceTree = "<group>";
		};
		5B34953323F5D8EA001215BE /* LabFeb13 */ = {
			isa = PBXGroup;
			children = (
				5B34953423F5D8EA001215BE /* AppDelegate.swift */,
				5B34953623F5D8EA001215BE /* SceneDelegate.swift */,
				5B34953823F5D8EA001215BE /* ViewController.swift */,
				5B34953A23F5D8EA001215BE /* Main.storyboard */,
				5B34953D23F5D8EC001215BE /* Assets.xcassets */,
				5B34953F23F5D8EC001215BE /* LaunchScreen.storyboard */,
				5B34954223F5D8EC001215BE /* Info.plist */,
			);
			path = LabFeb13;
			sourceTree = "<group>";
		};
		5B34954A23F5D8ED001215BE /* LabFeb13Tests */ = {
			isa = PBXGroup;
			children = (
				5B34954B23F5D8ED001215BE /* LabFeb13Tests.swift */,
				5B34954D23F5D8ED001215BE /* Info.plist */,
			);
			path = LabFeb13Tests;
			sourceTree = "<group>";
		};
		5B34955523F5D8ED001215BE /* LabFeb13UITests */ = {
			isa = PBXGroup;
			children = (
				5B34955623F5D8ED001215BE /* LabFeb13UITests.swift */,
				5B34955823F5D8ED001215BE /* Info.plist */,
			);
			path = LabFeb13UITests;
			sourceTree = "<group>";
		};
/* End PBXGroup section */

/* Begin PBXNativeTarget section */
		5B34953023F5D8EA001215BE /* LabFeb13 */ = {
			isa = PBXNativeTarget;
			buildConfigurationList = 5B34955B23F5D8ED001215BE /* Build configuration list for PBXNativeTarget "LabFeb13" */;
			buildPhases = (
				5B34952D23F5D8EA001215BE /* Sources */,
				5B34952E23F5D8EA001215BE /* Frameworks */,
				5B34952F23F5D8EA001215BE /* Resources */,
			);
			buildRules = (
			);
			dependencies = (
			);
			name = LabFeb13;
			productName = LabFeb13;
			productReference = 5B34953123F5D8EA001215BE /* LabFeb13.app */;
			productType = "com.apple.product-type.application";
		};
		5B34954623F5D8ED001215BE /* LabFeb13Tests */ = {
			isa = PBXNativeTarget;
			buildConfigurationList = 5B34955E23F5D8ED001215BE /* Build configuration list for PBXNativeTarget "LabFeb13Tests" */;
			buildPhases = (
				5B34954323F5D8ED001215BE /* Sources */,
				5B34954423F5D8ED001215BE /* Frameworks */,
				5B34954523F5D8ED001215BE /* Resources */,
			);
			buildRules = (
			);
			dependencies = (
				5B34954923F5D8ED001215BE /* PBXTargetDependency */,
			);
			name = LabFeb13Tests;
			productName = LabFeb13Tests;
			productReference = 5B34954723F5D8ED001215BE /* LabFeb13Tests.xctest */;
			productType = "com.apple.product-type.bundle.unit-test";
		};
		5B34955123F5D8ED001215BE /* LabFeb13UITests */ = {
			isa = PBXNativeTarget;
			buildConfigurationList = 5B34956123F5D8ED001215BE /* Build configuration list for PBXNativeTarget "LabFeb13UITests" */;
			buildPhases = (
				5B34954E23F5D8ED001215BE /* Sources */,
				5B34954F23F5D8ED001215BE /* Frameworks */,
				5B34955023F5D8ED001215BE /* Resources */,
			);
			buildRules = (
			);
			dependencies = (
				5B34955423F5D8ED001215BE /* PBXTargetDependency */,
			);
			name = LabFeb13UITests;
			productName = LabFeb13UITests;
			productReference = 5B34955223F5D8ED001215BE /* LabFeb13UITests.xctest */;
			productType = "com.apple.product-type.bundle.ui-testing";
		};
/* End PBXNativeTarget section */

/* Begin PBXProject section */
		5B34952923F5D8EA001215BE /* Project object */ = {
			isa = PBXProject;
			attributes = {
				LastSwiftUpdateCheck = 1130;
				LastUpgradeCheck = 1130;
				ORGANIZATIONNAME = "Esteban Guzman";
				TargetAttributes = {
					5B34953023F5D8EA001215BE = {
						CreatedOnToolsVersion = 11.3.1;
					};
					5B34954623F5D8ED001215BE = {
						CreatedOnToolsVersion = 11.3.1;
						TestTargetID = 5B34953023F5D8EA001215BE;
					};
					5B34955123F5D8ED001215BE = {
						CreatedOnToolsVersion = 11.3.1;
						TestTargetID = 5B34953023F5D8EA001215BE;
					};
				};
			};
			buildConfigurationList = 5B34952C23F5D8EA001215BE /* Build configuration list for PBXProject "LabFeb13" */;
			compatibilityVersion = "Xcode 9.3";
			developmentRegion = en;
			hasScannedForEncodings = 0;
			knownRegions = (
				en,
				Base,
			);
			mainGroup = 5B34952823F5D8EA001215BE;
			productRefGroup = 5B34953223F5D8EA001215BE /* Products */;
			projectDirPath = "";
			projectRoot = "";
			targets = (
				5B34953023F5D8EA001215BE /* LabFeb13 */,
				5B34954623F5D8ED001215BE /* LabFeb13Tests */,
				5B34955123F5D8ED001215BE /* LabFeb13UITests */,
			);
		};
/* End PBXProject section */

/* Begin PBXResourcesBuildPhase section */
		5B34952F23F5D8EA001215BE /* Resources */ = {
			isa = PBXResourcesBuildPhase;
			buildActionMask = 2147483647;
			files = (
				5B34954123F5D8EC001215BE /* LaunchScreen.storyboard in Resources */,
				5B34953E23F5D8EC001215BE /* Assets.xcassets in Resources */,
				5B34953C23F5D8EA001215BE /* Main.storyboard in Resources */,
			);
			runOnlyForDeploymentPostprocessing = 0;
		};
		5B34954523F5D8ED001215BE /* Resources */ = {
			isa = PBXResourcesBuildPhase;
			buildActionMask = 2147483647;
			files = (
			);
			runOnlyForDeploymentPostprocessing = 0;
		};
		5B34955023F5D8ED001215BE /* Resources */ = {
			isa = PBXResourcesBuildPhase;
			buildActionMask = 2147483647;
			files = (
			);
			runOnlyForDeploymentPostprocessing = 0;
		};
/* End PBXResourcesBuildPhase section */

/* Begin PBXSourcesBuildPhase section */
		5B34952D23F5D8EA001215BE /* Sources */ = {
			isa = PBXSourcesBuildPhase;
			buildActionMask = 2147483647;
			files = (
				5B34953923F5D8EA001215BE /* ViewController.swift in Sources */,
				5B34953523F5D8EA001215BE /* AppDelegate.swift in Sources */,
				5B34953723F5D8EA001215BE /* SceneDelegate.swift in Sources */,
			);
			runOnlyForDeploymentPostprocessing = 0;
		};
		5B34954323F5D8ED001215BE /* Sources */ = {
			isa = PBXSourcesBuildPhase;
			buildActionMask = 2147483647;
			files = (
				5B34954C23F5D8ED001215BE /* LabFeb13Tests.swift in Sources */,
			);
			runOnlyForDeploymentPostprocessing = 0;
		};
		5B34954E23F5D8ED001215BE /* Sources */ = {
			isa = PBXSourcesBuildPhase;
			buildActionMask = 2147483647;
			files = (
				5B34955723F5D8ED001215BE /* LabFeb13UITests.swift in Sources */,
			);
			runOnlyForDeploymentPostprocessing = 0;
		};
/* End PBXSourcesBuildPhase section */

/* Begin PBXTargetDependency section */
		5B34954923F5D8ED001215BE /* PBXTargetDependency */ = {
			isa = PBXTargetDependency;
			target = 5B34953023F5D8EA001215BE /* LabFeb13 */;
			targetProxy = 5B34954823F5D8ED001215BE /* PBXContainerItemProxy */;
		};
		5B34955423F5D8ED001215BE /* PBXTargetDependency */ = {
			isa = PBXTargetDependency;
			target = 5B34953023F5D8EA001215BE /* LabFeb13 */;
			targetProxy = 5B34955323F5D8ED001215BE /* PBXContainerItemProxy */;
		};
/* End PBXTargetDependency section */

/* Begin PBXVariantGroup section */
		5B34953A23F5D8EA001215BE /* Main.storyboard */ = {
			isa = PBXVariantGroup;
			children = (
				5B34953B23F5D8EA001215BE /* Base */,
			);
			name = Main.storyboard;
			sourceTree = "<group>";
		};
		5B34953F23F5D8EC001215BE /* LaunchScreen.storyboard */ = {
			isa = PBXVariantGroup;
			children = (
				5B34954023F5D8EC001215BE /* Base */,
			);
			name = LaunchScreen.storyboard;
			sourceTree = "<group>";
		};
/* End PBXVariantGroup section */

/* Begin XCBuildConfiguration section */
		5B34955923F5D8ED001215BE /* Debug */ = {
			isa = XCBuildConfiguration;
			buildSettings = {
				ALWAYS_SEARCH_USER_PATHS = NO;
				CLANG_ANALYZER_NONNULL = YES;
				CLANG_ANALYZER_NUMBER_OBJECT_CONVERSION = YES_AGGRESSIVE;
				CLANG_CXX_LANGUAGE_STANDARD = "gnu++14";
				CLANG_CXX_LIBRARY = "libc++";
				CLANG_ENABLE_MODULES = YES;
				CLANG_ENABLE_OBJC_ARC = YES;
				CLANG_ENABLE_OBJC_WEAK = YES;
				CLANG_WARN_BLOCK_CAPTURE_AUTORELEASING = YES;
				CLANG_WARN_BOOL_CONVERSION = YES;
				CLANG_WARN_COMMA = YES;
				CLANG_WARN_CONSTANT_CONVERSION = YES;
				CLANG_WARN_DEPRECATED_OBJC_IMPLEMENTATIONS = YES;
				CLANG_WARN_DIRECT_OBJC_ISA_USAGE = YES_ERROR;
				CLANG_WARN_DOCUMENTATION_COMMENTS = YES;
				CLANG_WARN_EMPTY_BODY = YES;
				CLANG_WARN_ENUM_CONVERSION = YES;
				CLANG_WARN_INFINITE_RECURSION = YES;
				CLANG_WARN_INT_CONVERSION = YES;
				CLANG_WARN_NON_LITERAL_NULL_CONVERSION = YES;
				CLANG_WARN_OBJC_IMPLICIT_RETAIN_SELF = YES;
				CLANG_WARN_OBJC_LITERAL_CONVERSION = YES;
				CLANG_WARN_OBJC_ROOT_CLASS = YES_ERROR;
				CLANG_WARN_RANGE_LOOP_ANALYSIS = YES;
				CLANG_WARN_STRICT_PROTOTYPES = YES;
				CLANG_WARN_SUSPICIOUS_MOVE = YES;
				CLANG_WARN_UNGUARDED_AVAILABILITY = YES_AGGRESSIVE;
				CLANG_WARN_UNREACHABLE_CODE = YES;
				CLANG_WARN__DUPLICATE_METHOD_MATCH = YES;
				COPY_PHASE_STRIP = NO;
				DEBUG_INFORMATION_FORMAT = dwarf;
				ENABLE_STRICT_OBJC_MSGSEND = YES;
				ENABLE_TESTABILITY = YES;
				GCC_C_LANGUAGE_STANDARD = gnu11;
				GCC_DYNAMIC_NO_PIC = NO;
				GCC_NO_COMMON_BLOCKS = YES;
				GCC_OPTIMIZATION_LEVEL = 0;
				GCC_PREPROCESSOR_DEFINITIONS = (
					"DEBUG=1",
					"$(inherited)",
				);
				GCC_WARN_64_TO_32_BIT_CONVERSION = YES;
				GCC_WARN_ABOUT_RETURN_TYPE = YES_ERROR;
				GCC_WARN_UNDECLARED_SELECTOR = YES;
				GCC_WARN_UNINITIALIZED_AUTOS = YES_AGGRESSIVE;
				GCC_WARN_UNUSED_FUNCTION = YES;
				GCC_WARN_UNUSED_VARIABLE = YES;
				IPHONEOS_DEPLOYMENT_TARGET = 13.2;
				MTL_ENABLE_DEBUG_INFO = INCLUDE_SOURCE;
				MTL_FAST_MATH = YES;
				ONLY_ACTIVE_ARCH = YES;
				SDKROOT = iphoneos;
				SWIFT_ACTIVE_COMPILATION_CONDITIONS = DEBUG;
				SWIFT_OPTIMIZATION_LEVEL = "-Onone";
			};
			name = Debug;
		};
		5B34955A23F5D8ED001215BE /* Release */ = {
			isa = XCBuildConfiguration;
			buildSettings = {
				ALWAYS_SEARCH_USER_PATHS = NO;
				CLANG_ANALYZER_NONNULL = YES;
				CLANG_ANALYZER_NUMBER_OBJECT_CONVERSION = YES_AGGRESSIVE;
				CLANG_CXX_LANGUAGE_STANDARD = "gnu++14";
				CLANG_CXX_LIBRARY = "libc++";
				CLANG_ENABLE_MODULES = YES;
				CLANG_ENABLE_OBJC_ARC = YES;
				CLANG_ENABLE_OBJC_WEAK = YES;
				CLANG_WARN_BLOCK_CAPTURE_AUTORELEASING = YES;
				CLANG_WARN_BOOL_CONVERSION = YES;
				CLANG_WARN_COMMA = YES;
				CLANG_WARN_CONSTANT_CONVERSION = YES;
				CLANG_WARN_DEPRECATED_OBJC_IMPLEMENTATIONS = YES;
				CLANG_WARN_DIRECT_OBJC_ISA_USAGE = YES_ERROR;
				CLANG_WARN_DOCUMENTATION_COMMENTS = YES;
				CLANG_WARN_EMPTY_BODY = YES;
				CLANG_WARN_ENUM_CONVERSION = YES;
				CLANG_WARN_INFINITE_RECURSION = YES;
				CLANG_WARN_INT_CONVERSION = YES;
				CLANG_WARN_NON_LITERAL_NULL_CONVERSION = YES;
				CLANG_WARN_OBJC_IMPLICIT_RETAIN_SELF = YES;
				CLANG_WARN_OBJC_LITERAL_CONVERSION = YES;
				CLANG_WARN_OBJC_ROOT_CLASS = YES_ERROR;
				CLANG_WARN_RANGE_LOOP_ANALYSIS = YES;
				CLANG_WARN_STRICT_PROTOTYPES = YES;
				CLANG_WARN_SUSPICIOUS_MOVE = YES;
				CLANG_WARN_UNGUARDED_AVAILABILITY = YES_AGGRESSIVE;
				CLANG_WARN_UNREACHABLE_CODE = YES;
				CLANG_WARN__DUPLICATE_METHOD_MATCH = YES;
				COPY_PHASE_STRIP = NO;
				DEBUG_INFORMATION_FORMAT = "dwarf-with-dsym";
				ENABLE_NS_ASSERTIONS = NO;
				ENABLE_STRICT_OBJC_MSGSEND = YES;
				GCC_C_LANGUAGE_STANDARD = gnu11;
				GCC_NO_COMMON_BLOCKS = YES;
				GCC_WARN_64_TO_32_BIT_CONVERSION = YES;
				GCC_WARN_ABOUT_RETURN_TYPE = YES_ERROR;
				GCC_WARN_UNDECLARED_SELECTOR = YES;
				GCC_WARN_UNINITIALIZED_AUTOS = YES_AGGRESSIVE;
				GCC_WARN_UNUSED_FUNCTION = YES;
				GCC_WARN_UNUSED_VARIABLE = YES;
				IPHONEOS_DEPLOYMENT_TARGET = 13.2;
				MTL_ENABLE_DEBUG_INFO = NO;
				MTL_FAST_MATH = YES;
				SDKROOT = iphoneos;
				SWIFT_COMPILATION_MODE = wholemodule;
				SWIFT_OPTIMIZATION_LEVEL = "-O";
				VALIDATE_PRODUCT = YES;
			};
			name = Release;
		};
		5B34955C23F5D8ED001215BE /* Debug */ = {
			isa = XCBuildConfiguration;
			buildSettings = {
				ASSETCATALOG_COMPILER_APPICON_NAME = AppIcon;
				CODE_SIGN_STYLE = Automatic;
				INFOPLIST_FILE = LabFeb13/Info.plist;
				LD_RUNPATH_SEARCH_PATHS = (
					"$(inherited)",
					"@executable_path/Frameworks",
				);
				PRODUCT_BUNDLE_IDENTIFIER = myapp.LabFeb13;
				PRODUCT_NAME = "$(TARGET_NAME)";
				SWIFT_VERSION = 5.0;
				TARGETED_DEVICE_FAMILY = "1,2";
			};
			name = Debug;
		};
		5B34955D23F5D8ED001215BE /* Release */ = {
			isa = XCBuildConfiguration;
			buildSettings = {
				ASSETCATALOG_COMPILER_APPICON_NAME = AppIcon;
				CODE_SIGN_STYLE = Automatic;
				INFOPLIST_FILE = LabFeb13/Info.plist;
				LD_RUNPATH_SEARCH_PATHS = (
					"$(inherited)",
					"@executable_path/Frameworks",
				);
				PRODUCT_BUNDLE_IDENTIFIER = myapp.LabFeb13;
				PRODUCT_NAME = "$(TARGET_NAME)";
				SWIFT_VERSION = 5.0;
				TARGETED_DEVICE_FAMILY = "1,2";
			};
			name = Release;
		};
		5B34955F23F5D8ED001215BE /* Debug */ = {
			isa = XCBuildConfiguration;
			buildSettings = {
				ALWAYS_EMBED_SWIFT_STANDARD_LIBRARIES = YES;
				BUNDLE_LOADER = "$(TEST_HOST)";
				CODE_SIGN_STYLE = Automatic;
				INFOPLIST_FILE = LabFeb13Tests/Info.plist;
				IPHONEOS_DEPLOYMENT_TARGET = 13.2;
				LD_RUNPATH_SEARCH_PATHS = (
					"$(inherited)",
					"@executable_path/Frameworks",
					"@loader_path/Frameworks",
				);
				PRODUCT_BUNDLE_IDENTIFIER = myapp.LabFeb13Tests;
				PRODUCT_NAME = "$(TARGET_NAME)";
				SWIFT_VERSION = 5.0;
				TARGETED_DEVICE_FAMILY = "1,2";
				TEST_HOST = "$(BUILT_PRODUCTS_DIR)/LabFeb13.app/LabFeb13";
			};
			name = Debug;
		};
		5B34956023F5D8ED001215BE /* Release */ = {
			isa = XCBuildConfiguration;
			buildSettings = {
				ALWAYS_EMBED_SWIFT_STANDARD_LIBRARIES = YES;
				BUNDLE_LOADER = "$(TEST_HOST)";
				CODE_SIGN_STYLE = Automatic;
				INFOPLIST_FILE = LabFeb13Tests/Info.plist;
				IPHONEOS_DEPLOYMENT_TARGET = 13.2;
				LD_RUNPATH_SEARCH_PATHS = (
					"$(inherited)",
					"@executable_path/Frameworks",
					"@loader_path/Frameworks",
				);
				PRODUCT_BUNDLE_IDENTIFIER = myapp.LabFeb13Tests;
				PRODUCT_NAME = "$(TARGET_NAME)";
				SWIFT_VERSION = 5.0;
				TARGETED_DEVICE_FAMILY = "1,2";
				TEST_HOST = "$(BUILT_PRODUCTS_DIR)/LabFeb13.app/LabFeb13";
			};
			name = Release;
		};
		5B34956223F5D8ED001215BE /* Debug */ = {
			isa = XCBuildConfiguration;
			buildSettings = {
				ALWAYS_EMBED_SWIFT_STANDARD_LIBRARIES = YES;
				CODE_SIGN_STYLE = Automatic;
				INFOPLIST_FILE = LabFeb13UITests/Info.plist;
				LD_RUNPATH_SEARCH_PATHS = (
					"$(inherited)",
					"@executable_path/Frameworks",
					"@loader_path/Frameworks",
				);
				PRODUCT_BUNDLE_IDENTIFIER = myapp.LabFeb13UITests;
				PRODUCT_NAME = "$(TARGET_NAME)";
				SWIFT_VERSION = 5.0;
				TARGETED_DEVICE_FAMILY = "1,2";
				TEST_TARGET_NAME = LabFeb13;
			};
			name = Debug;
		};
		5B34956323F5D8ED001215BE /* Release */ = {
			isa = XCBuildConfiguration;
			buildSettings = {
				ALWAYS_EMBED_SWIFT_STANDARD_LIBRARIES = YES;
				CODE_SIGN_STYLE = Automatic;
				INFOPLIST_FILE = LabFeb13UITests/Info.plist;
				LD_RUNPATH_SEARCH_PATHS = (
					"$(inherited)",
					"@executable_path/Frameworks",
					"@loader_path/Frameworks",
				);
				PRODUCT_BUNDLE_IDENTIFIER = myapp.LabFeb13UITests;
				PRODUCT_NAME = "$(TARGET_NAME)";
				SWIFT_VERSION = 5.0;
				TARGETED_DEVICE_FAMILY = "1,2";
				TEST_TARGET_NAME = LabFeb13;
			};
			name = Release;
		};
/* End XCBuildConfiguration section */

/* Begin XCConfigurationList section */
		5B34952C23F5D8EA001215BE /* Build configuration list for PBXProject "LabFeb13" */ = {
			isa = XCConfigurationList;
			buildConfigurations = (
				5B34955923F5D8ED001215BE /* Debug */,
				5B34955A23F5D8ED001215BE /* Release */,
			);
			defaultConfigurationIsVisible = 0;
			defaultConfigurationName = Release;
		};
		5B34955B23F5D8ED001215BE /* Build configuration list for PBXNativeTarget "LabFeb13" */ = {
			isa = XCConfigurationList;
			buildConfigurations = (
				5B34955C23F5D8ED001215BE /* Debug */,
				5B34955D23F5D8ED001215BE /* Release */,
			);
			defaultConfigurationIsVisible = 0;
			defaultConfigurationName = Release;
		};
		5B34955E23F5D8ED001215BE /* Build configuration list for PBXNativeTarget "LabFeb13Tests" */ = {
			isa = XCConfigurationList;
			buildConfigurations = (
				5B34955F23F5D8ED001215BE /* Debug */,
				5B34956023F5D8ED001215BE /* Release */,
			);
			defaultConfigurationIsVisible = 0;
			defaultConfigurationName = Release;
		};
		5B34956123F5D8ED001215BE /* Build configuration list for PBXNativeTarget "LabFeb13UITests" */ = {
			isa = XCConfigurationList;
			buildConfigurations = (
				5B34956223F5D8ED001215BE /* Debug */,
				5B34956323F5D8ED001215BE /* Release */,
			);
			defaultConfigurationIsVisible = 0;
			defaultConfigurationName = Release;
		};
/* End XCConfigurationList section */
	};
	rootObject = 5B34952923F5D8EA001215BE /* Project object */;
}
